
Microsoft Visual Studio Solution File, Format Version 12.00
# Visual Studio Version 17
VisualStudioVersion = 17.3.32929.385
MinimumVisualStudioVersion = 10.0.40219.1
Project("{9A19103F-16F7-4668-BE54-9A1E7A4F7556}") = "MsSqlAccessor", "CompetitionBack\MsSqlAccessor.csproj", "{703AB295-0464-4772-83B4-B6F77125117E}"
EndProject
Project("{9A19103F-16F7-4668-BE54-9A1E7A4F7556}") = "ZionetCompetition", "CompetitionFront\ZionetCompetition.csproj", "{22C5AA66-95CD-4F6D-A96B-0C5977F5A77E}"
EndProject
Project("{E53339B2-1760-4266-BCC7-CA923CBCF16C}") = "docker-compose", "docker-compose.dcproj", "{165ACC74-54FE-48D4-93D3-A92FCE449657}"
EndProject
Project("{2150E333-8FDC-42A3-9474-1A3956D46DE8}") = "Элементы решения", "Элементы решения", "{46203682-99C3-4C2B-BDFD-C86A59AAFE1B}"
	ProjectSection(SolutionItems) = preProject
		TextFile1.txt = TextFile1.txt
	EndProjectSection
EndProject
Project("{FAE04EC0-301F-11D3-BF4B-00C04F79EFBC}") = "MssqlAccessorTests", "..\MssqlAccessorTests\MssqlAccessorTests.csproj", "{F7029B5D-1E18-42A9-9B9D-427EDCBDA8D8}"
EndProject
Global
	GlobalSection(SolutionConfigurationPlatforms) = preSolution
		Debug|Any CPU = Debug|Any CPU
		Release|Any CPU = Release|Any CPU
	EndGlobalSection
	GlobalSection(ProjectConfigurationPlatforms) = postSolution
		{703AB295-0464-4772-83B4-B6F77125117E}.Debug|Any CPU.ActiveCfg = Debug|Any CPU
		{703AB295-0464-4772-83B4-B6F77125117E}.Debug|Any CPU.Build.0 = Debug|Any CPU
		{703AB295-0464-4772-83B4-B6F77125117E}.Release|Any CPU.ActiveCfg = Release|Any CPU
		{703AB295-0464-4772-83B4-B6F77125117E}.Release|Any CPU.Build.0 = Release|Any CPU
		{22C5AA66-95CD-4F6D-A96B-0C5977F5A77E}.Debug|Any CPU.ActiveCfg = Debug|Any CPU
		{22C5AA66-95CD-4F6D-A96B-0C5977F5A77E}.Debug|Any CPU.Build.0 = Debug|Any CPU
		{22C5AA66-95CD-4F6D-A96B-0C5977F5A77E}.Release|Any CPU.ActiveCfg = Release|Any CPU
		{22C5AA66-95CD-4F6D-A96B-0C5977F5A77E}.Release|Any CPU.Build.0 = Release|Any CPU
		{165ACC74-54FE-48D4-93D3-A92FCE449657}.Debug|Any CPU.ActiveCfg = Debug|Any CPU
		{165ACC74-54FE-48D4-93D3-A92FCE449657}.Debug|Any CPU.Build.0 = Debug|Any CPU
		{165ACC74-54FE-48D4-93D3-A92FCE449657}.Release|Any CPU.ActiveCfg = Release|Any CPU
		{165ACC74-54FE-48D4-93D3-A92FCE449657}.Release|Any CPU.Build.0 = Release|Any CPU
		{F7029B5D-1E18-42A9-9B9D-427EDCBDA8D8}.Debug|Any CPU.ActiveCfg = Debug|Any CPU
		{F7029B5D-1E18-42A9-9B9D-427EDCBDA8D8}.Debug|Any CPU.Build.0 = Debug|Any CPU
		{F7029B5D-1E18-42A9-9B9D-427EDCBDA8D8}.Release|Any CPU.ActiveCfg = Release|Any CPU
		{F7029B5D-1E18-42A9-9B9D-427EDCBDA8D8}.Release|Any CPU.Build.0 = Release|Any CPU
	EndGlobalSection
	GlobalSection(SolutionProperties) = preSolution
		HideSolutionNode = FALSE
	EndGlobalSection
	GlobalSection(ExtensibilityGlobals) = postSolution
		SolutionGuid = {EC6FBA44-6B87-4C24-87F8-383F442D2934}
	EndGlobalSection
EndGlobal
